// !$*UTF8*$!
{
	archiveVersion = 1;
	classes = {
	};
	objectVersion = 50;
	objects = {

/* Begin PBXBuildFile section */
		6DB806CC254C030800DCBC8B /* AppDelegate.m in Sources */ = {isa = PBXBuildFile; fileRef = 6DB806CB254C030800DCBC8B /* AppDelegate.m */; };
		6DB806CF254C030800DCBC8B /* SceneDelegate.m in Sources */ = {isa = PBXBuildFile; fileRef = 6DB806CE254C030800DCBC8B /* SceneDelegate.m */; };
		6DB806D2254C030800DCBC8B /* ViewController.m in Sources */ = {isa = PBXBuildFile; fileRef = 6DB806D1254C030800DCBC8B /* ViewController.m */; };
		6DB806D5254C030800DCBC8B /* Main.storyboard in Resources */ = {isa = PBXBuildFile; fileRef = 6DB806D3254C030800DCBC8B /* Main.storyboard */; };
		6DB806D7254C030900DCBC8B /* Assets.xcassets in Resources */ = {isa = PBXBuildFile; fileRef = 6DB806D6254C030900DCBC8B /* Assets.xcassets */; };
		6DB806DA254C030900DCBC8B /* LaunchScreen.storyboard in Resources */ = {isa = PBXBuildFile; fileRef = 6DB806D8254C030900DCBC8B /* LaunchScreen.storyboard */; };
		6DB806DD254C030900DCBC8B /* main.m in Sources */ = {isa = PBXBuildFile; fileRef = 6DB806DC254C030900DCBC8B /* main.m */; };
		8C881E4995970486CFAF7578 /* libPods-FastLaneDemo.a in Frameworks */ = {isa = PBXBuildFile; fileRef = BFD8759A1538404551FFA1AC /* libPods-FastLaneDemo.a */; };
/* End PBXBuildFile section */

/* Begin PBXFileReference section */
		31D3A200382EAE0BDA76A3EA /* Pods-FastLaneDemo.debug.xcconfig */ = {isa = PBXFileReference; includeInIndex = 1; lastKnownFileType = text.xcconfig; name = "Pods-FastLaneDemo.debug.xcconfig"; path = "Target Support Files/Pods-FastLaneDemo/Pods-FastLaneDemo.debug.xcconfig"; sourceTree = "<group>"; };
		68F483E0F1A9E09ADE2CAA77 /* Pods-FastLaneDemo.release.xcconfig */ = {isa = PBXFileReference; includeInIndex = 1; lastKnownFileType = text.xcconfig; name = "Pods-FastLaneDemo.release.xcconfig"; path = "Target Support Files/Pods-FastLaneDemo/Pods-FastLaneDemo.release.xcconfig"; sourceTree = "<group>"; };
		6DB806C7254C030800DCBC8B /* FastLaneDemo.app */ = {isa = PBXFileReference; explicitFileType = wrapper.application; includeInIndex = 0; path = FastLaneDemo.app; sourceTree = BUILT_PRODUCTS_DIR; };
		6DB806CA254C030800DCBC8B /* AppDelegate.h */ = {isa = PBXFileReference; lastKnownFileType = sourcecode.c.h; path = AppDelegate.h; sourceTree = "<group>"; };
		6DB806CB254C030800DCBC8B /* AppDelegate.m */ = {isa = PBXFileReference; lastKnownFileType = sourcecode.c.objc; path = AppDelegate.m; sourceTree = "<group>"; };
		6DB806CD254C030800DCBC8B /* SceneDelegate.h */ = {isa = PBXFileReference; lastKnownFileType = sourcecode.c.h; path = SceneDelegate.h; sourceTree = "<group>"; };
		6DB806CE254C030800DCBC8B /* SceneDelegate.m */ = {isa = PBXFileReference; lastKnownFileType = sourcecode.c.objc; path = SceneDelegate.m; sourceTree = "<group>"; };
		6DB806D0254C030800DCBC8B /* ViewController.h */ = {isa = PBXFileReference; lastKnownFileType = sourcecode.c.h; path = ViewController.h; sourceTree = "<group>"; };
		6DB806D1254C030800DCBC8B /* ViewController.m */ = {isa = PBXFileReference; lastKnownFileType = sourcecode.c.objc; path = ViewController.m; sourceTree = "<group>"; };
		6DB806D4254C030800DCBC8B /* Base */ = {isa = PBXFileReference; lastKnownFileType = file.storyboard; name = Base; path = Base.lproj/Main.storyboard; sourceTree = "<group>"; };
		6DB806D6254C030900DCBC8B /* Assets.xcassets */ = {isa = PBXFileReference; lastKnownFileType = folder.assetcatalog; path = Assets.xcassets; sourceTree = "<group>"; };
		6DB806D9254C030900DCBC8B /* Base */ = {isa = PBXFileReference; lastKnownFileType = file.storyboard; name = Base; path = Base.lproj/LaunchScreen.storyboard; sourceTree = "<group>"; };
		6DB806DB254C030900DCBC8B /* Info.plist */ = {isa = PBXFileReference; lastKnownFileType = text.plist.xml; path = Info.plist; sourceTree = "<group>"; };
		6DB806DC254C030900DCBC8B /* main.m */ = {isa = PBXFileReference; lastKnownFileType = sourcecode.c.objc; path = main.m; sourceTree = "<group>"; };
		BFD8759A1538404551FFA1AC /* libPods-FastLaneDemo.a */ = {isa = PBXFileReference; explicitFileType = archive.ar; includeInIndex = 0; path = "libPods-FastLaneDemo.a"; sourceTree = BUILT_PRODUCTS_DIR; };
/* End PBXFileReference section */

/* Begin PBXFrameworksBuildPhase section */
		6DB806C4254C030800DCBC8B /* Frameworks */ = {
			isa = PBXFrameworksBuildPhase;
			buildActionMask = 2147483647;
			files = (
				8C881E4995970486CFAF7578 /* libPods-FastLaneDemo.a in Frameworks */,
			);
			runOnlyForDeploymentPostprocessing = 0;
		};
/* End PBXFrameworksBuildPhase section */

/* Begin PBXGroup section */
		3A661C49A4D9DC05047FC054 /* Pods */ = {
			isa = PBXGroup;
			children = (
				31D3A200382EAE0BDA76A3EA /* Pods-FastLaneDemo.debug.xcconfig */,
				68F483E0F1A9E09ADE2CAA77 /* Pods-FastLaneDemo.release.xcconfig */,
			);
			path = Pods;
			sourceTree = "<group>";
		};
		6DB806BE254C030800DCBC8B = {
			isa = PBXGroup;
			children = (
				6DB806C9254C030800DCBC8B /* FastLaneDemo */,
				6DB806C8254C030800DCBC8B /* Products */,
				3A661C49A4D9DC05047FC054 /* Pods */,
				93559B23270F57A094AEC8DB /* Frameworks */,
			);
			sourceTree = "<group>";
		};
		6DB806C8254C030800DCBC8B /* Products */ = {
			isa = PBXGroup;
			children = (
				6DB806C7254C030800DCBC8B /* FastLaneDemo.app */,
			);
			name = Products;
			sourceTree = "<group>";
		};
		6DB806C9254C030800DCBC8B /* FastLaneDemo */ = {
			isa = PBXGroup;
			children = (
				6DB806CA254C030800DCBC8B /* AppDelegate.h */,
				6DB806CB254C030800DCBC8B /* AppDelegate.m */,
				6DB806CD254C030800DCBC8B /* SceneDelegate.h */,
				6DB806CE254C030800DCBC8B /* SceneDelegate.m */,
				6DB806D0254C030800DCBC8B /* ViewController.h */,
				6DB806D1254C030800DCBC8B /* ViewController.m */,
				6DB806D3254C030800DCBC8B /* Main.storyboard */,
				6DB806D6254C030900DCBC8B /* Assets.xcassets */,
				6DB806D8254C030900DCBC8B /* LaunchScreen.storyboard */,
				6DB806DB254C030900DCBC8B /* Info.plist */,
				6DB806DC254C030900DCBC8B /* main.m */,
			);
			path = FastLaneDemo;
			sourceTree = "<group>";
		};
		93559B23270F57A094AEC8DB /* Frameworks */ = {
			isa = PBXGroup;
			children = (
				BFD8759A1538404551FFA1AC /* libPods-FastLaneDemo.a */,
			);
			name = Frameworks;
			sourceTree = "<group>";
		};
/* End PBXGroup section */

/* Begin PBXNativeTarget section */
		6DB806C6254C030800DCBC8B /* FastLaneDemo */ = {
			isa = PBXNativeTarget;
			buildConfigurationList = 6DB806E0254C030900DCBC8B /* Build configuration list for PBXNativeTarget "FastLaneDemo" */;
			buildPhases = (
				080592AD3CDAF80D87244997 /* [CP] Check Pods Manifest.lock */,
				6DB806C3254C030800DCBC8B /* Sources */,
				6DB806C4254C030800DCBC8B /* Frameworks */,
				6DB806C5254C030800DCBC8B /* Resources */,
			);
			buildRules = (
			);
			dependencies = (
			);
			name = FastLaneDemo;
			productName = FastLaneDemo;
			productReference = 6DB806C7254C030800DCBC8B /* FastLaneDemo.app */;
			productType = "com.apple.product-type.application";
		};
/* End PBXNativeTarget section */

/* Begin PBXProject section */
		6DB806BF254C030800DCBC8B /* Project object */ = {
			isa = PBXProject;
			attributes = {
				LastUpgradeCheck = 1120;
				ORGANIZATIONNAME = songzhou;
				TargetAttributes = {
					6DB806C6254C030800DCBC8B = {
						CreatedOnToolsVersion = 11.2.1;
					};
				};
			};
			buildConfigurationList = 6DB806C2254C030800DCBC8B /* Build configuration list for PBXProject "FastLaneDemo" */;
			compatibilityVersion = "Xcode 9.3";
			developmentRegion = en;
			hasScannedForEncodings = 0;
			knownRegions = (
				en,
				Base,
			);
			mainGroup = 6DB806BE254C030800DCBC8B;
			productRefGroup = 6DB806C8254C030800DCBC8B /* Products */;
			projectDirPath = "";
			projectRoot = "";
			targets = (
				6DB806C6254C030800DCBC8B /* FastLaneDemo */,
			);
		};
/* End PBXProject section */

/* Begin PBXResourcesBuildPhase section */
		6DB806C5254C030800DCBC8B /* Resources */ = {
			isa = PBXResourcesBuildPhase;
			buildActionMask = 2147483647;
			files = (
				6DB806DA254C030900DCBC8B /* LaunchScreen.storyboard in Resources */,
				6DB806D7254C030900DCBC8B /* Assets.xcassets in Resources */,
				6DB806D5254C030800DCBC8B /* Main.storyboard in Resources */,
			);
			runOnlyForDeploymentPostprocessing = 0;
		};
/* End PBXResourcesBuildPhase section */

/* Begin PBXShellScriptBuildPhase section */
		080592AD3CDAF80D87244997 /* [CP] Check Pods Manifest.lock */ = {
			isa = PBXShellScriptBuildPhase;
			buildActionMask = 2147483647;
			files = (
			);
			inputFileListPaths = (
			);
			inputPaths = (
				"${PODS_PODFILE_DIR_PATH}/Podfile.lock",
				"${PODS_ROOT}/Manifest.lock",
			);
			name = "[CP] Check Pods Manifest.lock";
			outputFileListPaths = (
			);
			outputPaths = (
				"$(DERIVED_FILE_DIR)/Pods-FastLaneDemo-checkManifestLockResult.txt",
			);
			runOnlyForDeploymentPostprocessing = 0;
			shellPath = /bin/sh;
			shellScript = "diff \"${PODS_PODFILE_DIR_PATH}/Podfile.lock\" \"${PODS_ROOT}/Manifest.lock\" > /dev/null\nif [ $? != 0 ] ; then\n    # print error to STDERR\n    echo \"error: The sandbox is not in sync with the Podfile.lock. Run 'pod install' or update your CocoaPods installation.\" >&2\n    exit 1\nfi\n# This output is used by Xcode 'outputs' to avoid re-running this script phase.\necho \"SUCCESS\" > \"${SCRIPT_OUTPUT_FILE_0}\"\n";
			showEnvVarsInLog = 0;
		};
/* End PBXShellScriptBuildPhase section */

/* Begin PBXSourcesBuildPhase section */
		6DB806C3254C030800DCBC8B /* Sources */ = {
			isa = PBXSourcesBuildPhase;
			buildActionMask = 2147483647;
			files = (
				6DB806D2254C030800DCBC8B /* ViewController.m in Sources */,
				6DB806CC254C030800DCBC8B /* AppDelegate.m in Sources */,
				6DB806DD254C030900DCBC8B /* main.m in Sources */,
				6DB806CF254C030800DCBC8B /* SceneDelegate.m in Sources */,
			);
			runOnlyForDeploymentPostprocessing = 0;
		};
/* End PBXSourcesBuildPhase section */

/* Begin PBXVariantGroup section */
		6DB806D3254C030800DCBC8B /* Main.storyboard */ = {
			isa = PBXVariantGroup;
			children = (
				6DB806D4254C030800DCBC8B /* Base */,
			);
			name = Main.storyboard;
			sourceTree = "<group>";
		};
		6DB806D8254C030900DCBC8B /* LaunchScreen.storyboard */ = {
			isa = PBXVariantGroup;
			children = (
				6DB806D9254C030900DCBC8B /* Base */,
			);
			name = LaunchScreen.storyboard;
			sourceTree = "<group>";
		};
/* End PBXVariantGroup section */

/* Begin XCBuildConfiguration section */
		6DB806DE254C030900DCBC8B /* Debug */ = {
			isa = XCBuildConfiguration;
			buildSettings = {
				ALWAYS_SEARCH_USER_PATHS = NO;
				CLANG_ANALYZER_NONNULL = YES;
				CLANG_ANALYZER_NUMBER_OBJECT_CONVERSION = YES_AGGRESSIVE;
				CLANG_CXX_LANGUAGE_STANDARD = "gnu++14";
				CLANG_CXX_LIBRARY = "libc++";
				CLANG_ENABLE_MODULES = YES;
				CLANG_ENABLE_OBJC_ARC = YES;
				CLANG_ENABLE_OBJC_WEAK = YES;
				CLANG_WARN_BLOCK_CAPTURE_AUTORELEASING = YES;
				CLANG_WARN_BOOL_CONVERSION = YES;
				CLANG_WARN_COMMA = YES;
				CLANG_WARN_CONSTANT_CONVERSION = YES;
				CLANG_WARN_DEPRECATED_OBJC_IMPLEMENTATIONS = YES;
				CLANG_WARN_DIRECT_OBJC_ISA_USAGE = YES_ERROR;
				CLANG_WARN_DOCUMENTATION_COMMENTS = YES;
				CLANG_WARN_EMPTY_BODY = YES;
				CLANG_WARN_ENUM_CONVERSION = YES;
				CLANG_WARN_INFINITE_RECURSION = YES;
				CLANG_WARN_INT_CONVERSION = YES;
				CLANG_WARN_NON_LITERAL_NULL_CONVERSION = YES;
				CLANG_WARN_OBJC_IMPLICIT_RETAIN_SELF = YES;
				CLANG_WARN_OBJC_LITERAL_CONVERSION = YES;
				CLANG_WARN_OBJC_ROOT_CLASS = YES_ERROR;
				CLANG_WARN_RANGE_LOOP_ANALYSIS = YES;
				CLANG_WARN_STRICT_PROTOTYPES = YES;
				CLANG_WARN_SUSPICIOUS_MOVE = YES;
				CLANG_WARN_UNGUARDED_AVAILABILITY = YES_AGGRESSIVE;
				CLANG_WARN_UNREACHABLE_CODE = YES;
				CLANG_WARN__DUPLICATE_METHOD_MATCH = YES;
				COPY_PHASE_STRIP = NO;
				DEBUG_INFORMATION_FORMAT = dwarf;
				ENABLE_STRICT_OBJC_MSGSEND = YES;
				ENABLE_TESTABILITY = YES;
				GCC_C_LANGUAGE_STANDARD = gnu11;
				GCC_DYNAMIC_NO_PIC = NO;
				GCC_NO_COMMON_BLOCKS = YES;
				GCC_OPTIMIZATION_LEVEL = 0;
				GCC_PREPROCESSOR_DEFINITIONS = (
					"DEBUG=1",
					"$(inherited)",
				);
				GCC_WARN_64_TO_32_BIT_CONVERSION = YES;
				GCC_WARN_ABOUT_RETURN_TYPE = YES_ERROR;
				GCC_WARN_UNDECLARED_SELECTOR = YES;
				GCC_WARN_UNINITIALIZED_AUTOS = YES_AGGRESSIVE;
				GCC_WARN_UNUSED_FUNCTION = YES;
				GCC_WARN_UNUSED_VARIABLE = YES;
				IPHONEOS_DEPLOYMENT_TARGET = 13.2;
				MTL_ENABLE_DEBUG_INFO = INCLUDE_SOURCE;
				MTL_FAST_MATH = YES;
				ONLY_ACTIVE_ARCH = YES;
				SDKROOT = iphoneos;
			};
			name = Debug;
		};
		6DB806DF254C030900DCBC8B /* Release */ = {
			isa = XCBuildConfiguration;
			buildSettings = {
				ALWAYS_SEARCH_USER_PATHS = NO;
				CLANG_ANALYZER_NONNULL = YES;
				CLANG_ANALYZER_NUMBER_OBJECT_CONVERSION = YES_AGGRESSIVE;
				CLANG_CXX_LANGUAGE_STANDARD = "gnu++14";
				CLANG_CXX_LIBRARY = "libc++";
				CLANG_ENABLE_MODULES = YES;
				CLANG_ENABLE_OBJC_ARC = YES;
				CLANG_ENABLE_OBJC_WEAK = YES;
				CLANG_WARN_BLOCK_CAPTURE_AUTORELEASING = YES;
				CLANG_WARN_BOOL_CONVERSION = YES;
				CLANG_WARN_COMMA = YES;
				CLANG_WARN_CONSTANT_CONVERSION = YES;
				CLANG_WARN_DEPRECATED_OBJC_IMPLEMENTATIONS = YES;
				CLANG_WARN_DIRECT_OBJC_ISA_USAGE = YES_ERROR;
				CLANG_WARN_DOCUMENTATION_COMMENTS = YES;
				CLANG_WARN_EMPTY_BODY = YES;
				CLANG_WARN_ENUM_CONVERSION = YES;
				CLANG_WARN_INFINITE_RECURSION = YES;
				CLANG_WARN_INT_CONVERSION = YES;
				CLANG_WARN_NON_LITERAL_NULL_CONVERSION = YES;
				CLANG_WARN_OBJC_IMPLICIT_RETAIN_SELF = YES;
				CLANG_WARN_OBJC_LITERAL_CONVERSION = YES;
				CLANG_WARN_OBJC_ROOT_CLASS = YES_ERROR;
				CLANG_WARN_RANGE_LOOP_ANALYSIS = YES;
				CLANG_WARN_STRICT_PROTOTYPES = YES;
				CLANG_WARN_SUSPICIOUS_MOVE = YES;
				CLANG_WARN_UNGUARDED_AVAILABILITY = YES_AGGRESSIVE;
				CLANG_WARN_UNREACHABLE_CODE = YES;
				CLANG_WARN__DUPLICATE_METHOD_MATCH = YES;
				COPY_PHASE_STRIP = NO;
				DEBUG_INFORMATION_FORMAT = "dwarf-with-dsym";
				ENABLE_NS_ASSERTIONS = NO;
				ENABLE_STRICT_OBJC_MSGSEND = YES;
				GCC_C_LANGUAGE_STANDARD = gnu11;
				GCC_NO_COMMON_BLOCKS = YES;
				GCC_WARN_64_TO_32_BIT_CONVERSION = YES;
				GCC_WARN_ABOUT_RETURN_TYPE = YES_ERROR;
				GCC_WARN_UNDECLARED_SELECTOR = YES;
				GCC_WARN_UNINITIALIZED_AUTOS = YES_AGGRESSIVE;
				GCC_WARN_UNUSED_FUNCTION = YES;
				GCC_WARN_UNUSED_VARIABLE = YES;
				IPHONEOS_DEPLOYMENT_TARGET = 13.2;
				MTL_ENABLE_DEBUG_INFO = NO;
				MTL_FAST_MATH = YES;
				SDKROOT = iphoneos;
				VALIDATE_PRODUCT = YES;
			};
			name = Release;
		};
		6DB806E1254C030900DCBC8B /* Debug */ = {
			isa = XCBuildConfiguration;
			baseConfigurationReference = 31D3A200382EAE0BDA76A3EA /* Pods-FastLaneDemo.debug.xcconfig */;
			buildSettings = {
				ASSETCATALOG_COMPILER_APPICON_NAME = AppIcon;
				CODE_SIGN_STYLE = Automatic;
				CURRENT_PROJECT_VERSION = 500;
				DEVELOPMENT_TEAM = 3F4YR8N9NF;
				INFOPLIST_FILE = FastLaneDemo/Info.plist;
				LD_RUNPATH_SEARCH_PATHS = (
					"$(inherited)",
					"@executable_path/Frameworks",
				);
				MARKETING_VERSION = 2.1.3;
				PRODUCT_BUNDLE_IDENTIFIER = com.jbsaas.cn;
				PRODUCT_NAME = "$(TARGET_NAME)";
				TARGETED_DEVICE_FAMILY = 1;
			};
			name = Debug;
		};
		6DB806E2254C030900DCBC8B /* Release */ = {
			isa = XCBuildConfiguration;
			baseConfigurationReference = 68F483E0F1A9E09ADE2CAA77 /* Pods-FastLaneDemo.release.xcconfig */;
			buildSettings = {
				ASSETCATALOG_COMPILER_APPICON_NAME = AppIcon;
				CODE_SIGN_STYLE = Automatic;
				CURRENT_PROJECT_VERSION = 500;
				DEVELOPMENT_TEAM = 3F4YR8N9NF;
				INFOPLIST_FILE = FastLaneDemo/Info.plist;
				LD_RUNPATH_SEARCH_PATHS = (
					"$(inherited)",
					"@executable_path/Frameworks",
				);
				MARKETING_VERSION = 2.1.3;
				PRODUCT_BUNDLE_IDENTIFIER = com.jbsaas.cn;
				PRODUCT_NAME = "$(TARGET_NAME)";
				TARGETED_DEVICE_FAMILY = 1;
			};
			name = Release;
		};
/* End XCBuildConfiguration section */

/* Begin XCConfigurationList section */
		6DB806C2254C030800DCBC8B /* Build configuration list for PBXProject "FastLaneDemo" */ = {
			isa = XCConfigurationList;
			buildConfigurations = (
				6DB806DE254C030900DCBC8B /* Debug */,
				6DB806DF254C030900DCBC8B /* Release */,
			);
			defaultConfigurationIsVisible = 0;
			defaultConfigurationName = Release;
		};
		6DB806E0254C030900DCBC8B /* Build configuration list for PBXNativeTarget "FastLaneDemo" */ = {
			isa = XCConfigurationList;
			buildConfigurations = (
				6DB806E1254C030900DCBC8B /* Debug */,
				6DB806E2254C030900DCBC8B /* Release */,
			);
			defaultConfigurationIsVisible = 0;
			defaultConfigurationName = Release;
		};
/* End XCConfigurationList section */
	};
	rootObject = 6DB806BF254C030800DCBC8B /* Project object */;
}
